
Microsoft Visual Studio Solution File, Format Version 12.00
# Visual Studio Version 16
VisualStudioVersion = 16.0.31727.386
MinimumVisualStudioVersion = 10.0.40219.1
Project("{FAE04EC0-301F-11D3-BF4B-00C04F79EFBC}") = "GSBMission3", "GSBMission3\GSBMission3.csproj", "{94D9F172-B575-42F6-91E1-29336A1A367C}"
EndProject
Global
	GlobalSection(SolutionConfigurationPlatforms) = preSolution
		Debug|Any CPU = Debug|Any CPU
		Release|Any CPU = Release|Any CPU
	EndGlobalSection
	GlobalSection(ProjectConfigurationPlatforms) = postSolution
		{94D9F172-B575-42F6-91E1-29336A1A367C}.Debug|Any CPU.ActiveCfg = Debug|Any CPU
		{94D9F172-B575-42F6-91E1-29336A1A367C}.Debug|Any CPU.Build.0 = Debug|Any CPU
		{94D9F172-B575-42F6-91E1-29336A1A367C}.Release|Any CPU.ActiveCfg = Release|Any CPU
		{94D9F172-B575-42F6-91E1-29336A1A367C}.Release|Any CPU.Build.0 = Release|Any CPU
	EndGlobalSection
	GlobalSection(SolutionProperties) = preSolution
		HideSolutionNode = FALSE
	EndGlobalSection
	GlobalSection(ExtensibilityGlobals) = postSolution
		SolutionGuid = {9CF8FF60-8F86-48B1-913D-2C68D51B8B29}
	EndGlobalSection
EndGlobal
